
Microsoft Visual Studio Solution File, Format Version 12.00
# Visual Studio 15
VisualStudioVersion = 15.0.26124.0
MinimumVisualStudioVersion = 15.0.26124.0
Project("{FAE04EC0-301F-11D3-BF4B-00C04F79EFBC}") = "Services.DataImport", "Services.DataImport\Services.DataImport.csproj", "{3B67E82B-82EC-459C-BD04-3B4EB71EE3FD}"
EndProject
Project("{FAE04EC0-301F-11D3-BF4B-00C04F79EFBC}") = "Messages", "Messages\Messages.csproj", "{FA493E25-C4C1-46F5-9AAC-A15F92F78467}"
EndProject
Project("{FAE04EC0-301F-11D3-BF4B-00C04F79EFBC}") = "Shared.HostedServices", "Shared.HostedServices\Shared.HostedServices.csproj", "{A60CE18D-E7C9-449C-BDDD-4A9BD3FBE8BD}"
EndProject
Global
	GlobalSection(SolutionProperties) = preSolution
		HideSolutionNode = FALSE
	EndGlobalSection
	GlobalSection(SolutionConfigurationPlatforms) = preSolution
		Debug|Any CPU = Debug|Any CPU
		Debug|x64 = Debug|x64
		Debug|x86 = Debug|x86
		Release|Any CPU = Release|Any CPU
		Release|x64 = Release|x64
		Release|x86 = Release|x86
	EndGlobalSection
	GlobalSection(ProjectConfigurationPlatforms) = postSolution
		{3B67E82B-82EC-459C-BD04-3B4EB71EE3FD}.Debug|Any CPU.ActiveCfg = Debug|Any CPU
		{3B67E82B-82EC-459C-BD04-3B4EB71EE3FD}.Debug|Any CPU.Build.0 = Debug|Any CPU
		{3B67E82B-82EC-459C-BD04-3B4EB71EE3FD}.Debug|x64.ActiveCfg = Debug|Any CPU
		{3B67E82B-82EC-459C-BD04-3B4EB71EE3FD}.Debug|x64.Build.0 = Debug|Any CPU
		{3B67E82B-82EC-459C-BD04-3B4EB71EE3FD}.Debug|x86.ActiveCfg = Debug|Any CPU
		{3B67E82B-82EC-459C-BD04-3B4EB71EE3FD}.Debug|x86.Build.0 = Debug|Any CPU
		{3B67E82B-82EC-459C-BD04-3B4EB71EE3FD}.Release|Any CPU.ActiveCfg = Release|Any CPU
		{3B67E82B-82EC-459C-BD04-3B4EB71EE3FD}.Release|Any CPU.Build.0 = Release|Any CPU
		{3B67E82B-82EC-459C-BD04-3B4EB71EE3FD}.Release|x64.ActiveCfg = Release|Any CPU
		{3B67E82B-82EC-459C-BD04-3B4EB71EE3FD}.Release|x64.Build.0 = Release|Any CPU
		{3B67E82B-82EC-459C-BD04-3B4EB71EE3FD}.Release|x86.ActiveCfg = Release|Any CPU
		{3B67E82B-82EC-459C-BD04-3B4EB71EE3FD}.Release|x86.Build.0 = Release|Any CPU
		{FA493E25-C4C1-46F5-9AAC-A15F92F78467}.Debug|Any CPU.ActiveCfg = Debug|Any CPU
		{FA493E25-C4C1-46F5-9AAC-A15F92F78467}.Debug|Any CPU.Build.0 = Debug|Any CPU
		{FA493E25-C4C1-46F5-9AAC-A15F92F78467}.Debug|x64.ActiveCfg = Debug|Any CPU
		{FA493E25-C4C1-46F5-9AAC-A15F92F78467}.Debug|x64.Build.0 = Debug|Any CPU
		{FA493E25-C4C1-46F5-9AAC-A15F92F78467}.Debug|x86.ActiveCfg = Debug|Any CPU
		{FA493E25-C4C1-46F5-9AAC-A15F92F78467}.Debug|x86.Build.0 = Debug|Any CPU
		{FA493E25-C4C1-46F5-9AAC-A15F92F78467}.Release|Any CPU.ActiveCfg = Release|Any CPU
		{FA493E25-C4C1-46F5-9AAC-A15F92F78467}.Release|Any CPU.Build.0 = Release|Any CPU
		{FA493E25-C4C1-46F5-9AAC-A15F92F78467}.Release|x64.ActiveCfg = Release|Any CPU
		{FA493E25-C4C1-46F5-9AAC-A15F92F78467}.Release|x64.Build.0 = Release|Any CPU
		{FA493E25-C4C1-46F5-9AAC-A15F92F78467}.Release|x86.ActiveCfg = Release|Any CPU
		{FA493E25-C4C1-46F5-9AAC-A15F92F78467}.Release|x86.Build.0 = Release|Any CPU
		{A60CE18D-E7C9-449C-BDDD-4A9BD3FBE8BD}.Debug|Any CPU.ActiveCfg = Debug|Any CPU
		{A60CE18D-E7C9-449C-BDDD-4A9BD3FBE8BD}.Debug|Any CPU.Build.0 = Debug|Any CPU
		{A60CE18D-E7C9-449C-BDDD-4A9BD3FBE8BD}.Debug|x64.ActiveCfg = Debug|Any CPU
		{A60CE18D-E7C9-449C-BDDD-4A9BD3FBE8BD}.Debug|x64.Build.0 = Debug|Any CPU
		{A60CE18D-E7C9-449C-BDDD-4A9BD3FBE8BD}.Debug|x86.ActiveCfg = Debug|Any CPU
		{A60CE18D-E7C9-449C-BDDD-4A9BD3FBE8BD}.Debug|x86.Build.0 = Debug|Any CPU
		{A60CE18D-E7C9-449C-BDDD-4A9BD3FBE8BD}.Release|Any CPU.ActiveCfg = Release|Any CPU
		{A60CE18D-E7C9-449C-BDDD-4A9BD3FBE8BD}.Release|Any CPU.Build.0 = Release|Any CPU
		{A60CE18D-E7C9-449C-BDDD-4A9BD3FBE8BD}.Release|x64.ActiveCfg = Release|Any CPU
		{A60CE18D-E7C9-449C-BDDD-4A9BD3FBE8BD}.Release|x64.Build.0 = Release|Any CPU
		{A60CE18D-E7C9-449C-BDDD-4A9BD3FBE8BD}.Release|x86.ActiveCfg = Release|Any CPU
		{A60CE18D-E7C9-449C-BDDD-4A9BD3FBE8BD}.Release|x86.Build.0 = Release|Any CPU
	EndGlobalSection
EndGlobal
